
Microsoft Visual Studio Solution File, Format Version 12.00
# Visual Studio Version 17
VisualStudioVersion = 17.14.36221.1 d17.14
MinimumVisualStudioVersion = 10.0.40219.1
Project("{FAE04EC0-301F-11D3-BF4B-00C04F79EFBC}") = "NexlookAPI", "NexlookAPI\NexlookAPI.csproj", "{90924A4A-0869-481D-8445-2A11E602E0D5}"
EndProject
Project("{FAE04EC0-301F-11D3-BF4B-00C04F79EFBC}") = "Domain", "Domain\Domain.csproj", "{4EEBABD7-24B8-4F93-BC4F-D6F75E8EBDD6}"
EndProject
Project("{FAE04EC0-301F-11D3-BF4B-00C04F79EFBC}") = "Application", "Application\Application.csproj", "{37998003-D074-4608-95DE-B21CBEF0C824}"
EndProject
Global
	GlobalSection(SolutionConfigurationPlatforms) = preSolution
		Debug|Any CPU = Debug|Any CPU
		Release|Any CPU = Release|Any CPU
	EndGlobalSection
	GlobalSection(ProjectConfigurationPlatforms) = postSolution
		{90924A4A-0869-481D-8445-2A11E602E0D5}.Debug|Any CPU.ActiveCfg = Debug|Any CPU
		{90924A4A-0869-481D-8445-2A11E602E0D5}.Debug|Any CPU.Build.0 = Debug|Any CPU
		{90924A4A-0869-481D-8445-2A11E602E0D5}.Release|Any CPU.ActiveCfg = Release|Any CPU
		{90924A4A-0869-481D-8445-2A11E602E0D5}.Release|Any CPU.Build.0 = Release|Any CPU
		{4EEBABD7-24B8-4F93-BC4F-D6F75E8EBDD6}.Debug|Any CPU.ActiveCfg = Debug|Any CPU
		{4EEBABD7-24B8-4F93-BC4F-D6F75E8EBDD6}.Debug|Any CPU.Build.0 = Debug|Any CPU
		{4EEBABD7-24B8-4F93-BC4F-D6F75E8EBDD6}.Release|Any CPU.ActiveCfg = Release|Any CPU
		{4EEBABD7-24B8-4F93-BC4F-D6F75E8EBDD6}.Release|Any CPU.Build.0 = Release|Any CPU
		{37998003-D074-4608-95DE-B21CBEF0C824}.Debug|Any CPU.ActiveCfg = Debug|Any CPU
		{37998003-D074-4608-95DE-B21CBEF0C824}.Debug|Any CPU.Build.0 = Debug|Any CPU
		{37998003-D074-4608-95DE-B21CBEF0C824}.Release|Any CPU.ActiveCfg = Release|Any CPU
		{37998003-D074-4608-95DE-B21CBEF0C824}.Release|Any CPU.Build.0 = Release|Any CPU
	EndGlobalSection
	GlobalSection(SolutionProperties) = preSolution
		HideSolutionNode = FALSE
	EndGlobalSection
	GlobalSection(ExtensibilityGlobals) = postSolution
		SolutionGuid = {B5BD7C09-DFD7-482D-B36A-9B7D037B26EE}
	EndGlobalSection
EndGlobal
